
Microsoft Visual Studio Solution File, Format Version 12.00
# Visual Studio Version 16
VisualStudioVersion = 16.0.31112.23
MinimumVisualStudioVersion = 10.0.40219.1
Project("{FAE04EC0-301F-11D3-BF4B-00C04F79EFBC}") = "ControlStatements", "ControlStatements\ControlStatements.csproj", "{0EA63B58-317E-4B69-AD36-BA5DA3482AF0}"
EndProject
Global
	GlobalSection(SolutionConfigurationPlatforms) = preSolution
		Debug|Any CPU = Debug|Any CPU
		Release|Any CPU = Release|Any CPU
	EndGlobalSection
	GlobalSection(ProjectConfigurationPlatforms) = postSolution
		{0EA63B58-317E-4B69-AD36-BA5DA3482AF0}.Debug|Any CPU.ActiveCfg = Debug|Any CPU
		{0EA63B58-317E-4B69-AD36-BA5DA3482AF0}.Debug|Any CPU.Build.0 = Debug|Any CPU
		{0EA63B58-317E-4B69-AD36-BA5DA3482AF0}.Release|Any CPU.ActiveCfg = Release|Any CPU
		{0EA63B58-317E-4B69-AD36-BA5DA3482AF0}.Release|Any CPU.Build.0 = Release|Any CPU
	EndGlobalSection
	GlobalSection(SolutionProperties) = preSolution
		HideSolutionNode = FALSE
	EndGlobalSection
	GlobalSection(ExtensibilityGlobals) = postSolution
		SolutionGuid = {79C3ED64-E60B-463E-A118-4A7BAAD86974}
	EndGlobalSection
EndGlobal
