
Microsoft Visual Studio Solution File, Format Version 12.00
# Visual Studio Version 16
VisualStudioVersion = 16.0.31613.86
MinimumVisualStudioVersion = 10.0.40219.1
Project("{FAE04EC0-301F-11D3-BF4B-00C04F79EFBC}") = "Inheritance", "Inheritance\Inheritance.csproj", "{C5812414-9F01-49F0-B31F-A533A9C18C5A}"
EndProject
Global
	GlobalSection(SolutionConfigurationPlatforms) = preSolution
		Debug|Any CPU = Debug|Any CPU
		Release|Any CPU = Release|Any CPU
	EndGlobalSection
	GlobalSection(ProjectConfigurationPlatforms) = postSolution
		{C5812414-9F01-49F0-B31F-A533A9C18C5A}.Debug|Any CPU.ActiveCfg = Debug|Any CPU
		{C5812414-9F01-49F0-B31F-A533A9C18C5A}.Debug|Any CPU.Build.0 = Debug|Any CPU
		{C5812414-9F01-49F0-B31F-A533A9C18C5A}.Release|Any CPU.ActiveCfg = Release|Any CPU
		{C5812414-9F01-49F0-B31F-A533A9C18C5A}.Release|Any CPU.Build.0 = Release|Any CPU
	EndGlobalSection
	GlobalSection(SolutionProperties) = preSolution
		HideSolutionNode = FALSE
	EndGlobalSection
	GlobalSection(ExtensibilityGlobals) = postSolution
		SolutionGuid = {8AF03486-73F8-42F5-ABD9-297CB76A4CFA}
	EndGlobalSection
EndGlobal
